
Microsoft Visual Studio Solution File, Format Version 12.00
# Visual Studio 15
VisualStudioVersion = 15.0.28307.329
MinimumVisualStudioVersion = 10.0.40219.1
Project("{FAE04EC0-301F-11D3-BF4B-00C04F79EFBC}") = "Tarea2Hilos", "Tarea2Hilos\Tarea2Hilos.csproj", "{9B30CD07-2F39-48F3-A775-8B7F89876C65}"
EndProject
Global
	GlobalSection(SolutionConfigurationPlatforms) = preSolution
		Debug|Any CPU = Debug|Any CPU
		Release|Any CPU = Release|Any CPU
	EndGlobalSection
	GlobalSection(ProjectConfigurationPlatforms) = postSolution
		{9B30CD07-2F39-48F3-A775-8B7F89876C65}.Debug|Any CPU.ActiveCfg = Debug|Any CPU
		{9B30CD07-2F39-48F3-A775-8B7F89876C65}.Debug|Any CPU.Build.0 = Debug|Any CPU
		{9B30CD07-2F39-48F3-A775-8B7F89876C65}.Release|Any CPU.ActiveCfg = Release|Any CPU
		{9B30CD07-2F39-48F3-A775-8B7F89876C65}.Release|Any CPU.Build.0 = Release|Any CPU
	EndGlobalSection
	GlobalSection(SolutionProperties) = preSolution
		HideSolutionNode = FALSE
	EndGlobalSection
	GlobalSection(ExtensibilityGlobals) = postSolution
		SolutionGuid = {493AD843-DDD8-4F34-A7E8-168971E0FD48}
	EndGlobalSection
EndGlobal
